Microsoft Visual Studio Solution File, Format Version 12.00
# Visual Studio Version 17
VisualStudioVersion = 17.5.2.0
MinimumVisualStudioVersion = 10.0.40219.1
Project("{FAE04EC0-301F-11D3-BF4B-00C04F79EFBC}") = "OmgekeerdeStemWijzer.Api", "OmgekeerdeStemWijzer.Api.csproj", "{F642C2E8-343D-E5A2-9610-FC633161140B}"
EndProject
Global
	GlobalSection(SolutionConfigurationPlatforms) = preSolution
		Debug|Any CPU = Debug|Any CPU
		Release|Any CPU = Release|Any CPU
	EndGlobalSection
	GlobalSection(ProjectConfigurationPlatforms) = postSolution
		{F642C2E8-343D-E5A2-9610-FC633161140B}.Debug|Any CPU.ActiveCfg = Debug|Any CPU
		{F642C2E8-343D-E5A2-9610-FC633161140B}.Debug|Any CPU.Build.0 = Debug|Any CPU
		{F642C2E8-343D-E5A2-9610-FC633161140B}.Release|Any CPU.ActiveCfg = Release|Any CPU
		{F642C2E8-343D-E5A2-9610-FC633161140B}.Release|Any CPU.Build.0 = Release|Any CPU
	EndGlobalSection
	GlobalSection(SolutionProperties) = preSolution
		HideSolutionNode = FALSE
	EndGlobalSection
	GlobalSection(ExtensibilityGlobals) = postSolution
		SolutionGuid = {BDECC235-4E6E-4170-B8DD-2A605A1AE1C4}
	EndGlobalSection
EndGlobal
